// !$*UTF8*$!
{
	archiveVersion = 1;
	classes = {
	};
	objectVersion = 56;
	objects = {

/* Begin PBXBuildFile section */
		61E020E329F30BD400C8BB07 /* AppDelegate.swift in Sources */ = {isa = PBXBuildFile; fileRef = 61E020E229F30BD400C8BB07 /* AppDelegate.swift */; };
		61E020E529F30BD400C8BB07 /* SceneDelegate.swift in Sources */ = {isa = PBXBuildFile; fileRef = 61E020E429F30BD400C8BB07 /* SceneDelegate.swift */; };
		61E020E729F30BD400C8BB07 /* ComicViewController.swift in Sources */ = {isa = PBXBuildFile; fileRef = 61E020E629F30BD400C8BB07 /* ComicViewController.swift */; };
		61E020EA29F30BD400C8BB07 /* Main.storyboard in Resources */ = {isa = PBXBuildFile; fileRef = 61E020E829F30BD400C8BB07 /* Main.storyboard */; };
		61E020EF29F30BD500C8BB07 /* Assets.xcassets in Resources */ = {isa = PBXBuildFile; fileRef = 61E020EE29F30BD500C8BB07 /* Assets.xcassets */; };
		61E020F229F30BD500C8BB07 /* LaunchScreen.storyboard in Resources */ = {isa = PBXBuildFile; fileRef = 61E020F029F30BD500C8BB07 /* LaunchScreen.storyboard */; };
		61E020FA29F3241E00C8BB07 /* ComicModel.swift in Sources */ = {isa = PBXBuildFile; fileRef = 61E020F929F3241E00C8BB07 /* ComicModel.swift */; };
		61E020FC29F32AB200C8BB07 /* ComicManager.swift in Sources */ = {isa = PBXBuildFile; fileRef = 61E020FB29F32AB200C8BB07 /* ComicManager.swift */; };
		61E020FE29F3EB0400C8BB07 /* Alert.swift in Sources */ = {isa = PBXBuildFile; fileRef = 61E020FD29F3EB0400C8BB07 /* Alert.swift */; };
		61E0210229F5460800C8BB07 /* ImageFetcher.swift in Sources */ = {isa = PBXBuildFile; fileRef = 61E0210129F5460800C8BB07 /* ImageFetcher.swift */; };
		61E0210529F70C8F00C8BB07 /* DetailsViewController.swift in Sources */ = {isa = PBXBuildFile; fileRef = 61E0210429F70C8F00C8BB07 /* DetailsViewController.swift */; };
		61E0210729F8656000C8BB07 /* FavoritesManager.swift in Sources */ = {isa = PBXBuildFile; fileRef = 61E0210629F8656000C8BB07 /* FavoritesManager.swift */; };
		61E0210B29F865AA00C8BB07 /* FavoritesViewController.swift in Sources */ = {isa = PBXBuildFile; fileRef = 61E0210A29F865AA00C8BB07 /* FavoritesViewController.swift */; };
		61EF26FC29FAF71000D6EAD7 /* MyFavoriteComics.xcdatamodeld in Sources */ = {isa = PBXBuildFile; fileRef = 61EF26FA29FAF71000D6EAD7 /* MyFavoriteComics.xcdatamodeld */; };
		61EF270329FAF8B100D6EAD7 /* MyFavoriteComics+CoreDataClass.swift in Sources */ = {isa = PBXBuildFile; fileRef = 61EF270129FAF8B100D6EAD7 /* MyFavoriteComics+CoreDataClass.swift */; };
		61EF270429FAF8B100D6EAD7 /* MyFavoriteComics+CoreDataProperties.swift in Sources */ = {isa = PBXBuildFile; fileRef = 61EF270229FAF8B100D6EAD7 /* MyFavoriteComics+CoreDataProperties.swift */; };
		61EF270729FBD39B00D6EAD7 /* FavoritesCell.swift in Sources */ = {isa = PBXBuildFile; fileRef = 61EF270529FBD39B00D6EAD7 /* FavoritesCell.swift */; };
		61EF270829FBD39B00D6EAD7 /* FavoritesCell.xib in Resources */ = {isa = PBXBuildFile; fileRef = 61EF270629FBD39B00D6EAD7 /* FavoritesCell.xib */; };
		61EF270A29FC0D4C00D6EAD7 /* LicensingViewController.swift in Sources */ = {isa = PBXBuildFile; fileRef = 61EF270929FC0D4C00D6EAD7 /* LicensingViewController.swift */; };
/* End PBXBuildFile section */

/* Begin PBXFileReference section */
		61E020DF29F30BD400C8BB07 /* ShortcutChallenge.app */ = {isa = PBXFileReference; explicitFileType = wrapper.application; includeInIndex = 0; path = ShortcutChallenge.app; sourceTree = BUILT_PRODUCTS_DIR; };
		61E020E229F30BD400C8BB07 /* AppDelegate.swift */ = {isa = PBXFileReference; lastKnownFileType = sourcecode.swift; path = AppDelegate.swift; sourceTree = "<group>"; };
		61E020E429F30BD400C8BB07 /* SceneDelegate.swift */ = {isa = PBXFileReference; lastKnownFileType = sourcecode.swift; path = SceneDelegate.swift; sourceTree = "<group>"; };
		61E020E629F30BD400C8BB07 /* ComicViewController.swift */ = {isa = PBXFileReference; lastKnownFileType = sourcecode.swift; path = ComicViewController.swift; sourceTree = "<group>"; };
		61E020E929F30BD400C8BB07 /* Base */ = {isa = PBXFileReference; lastKnownFileType = file.storyboard; name = Base; path = Base.lproj/Main.storyboard; sourceTree = "<group>"; };
		61E020EE29F30BD500C8BB07 /* Assets.xcassets */ = {isa = PBXFileReference; lastKnownFileType = folder.assetcatalog; path = Assets.xcassets; sourceTree = "<group>"; };
		61E020F129F30BD500C8BB07 /* Base */ = {isa = PBXFileReference; lastKnownFileType = file.storyboard; name = Base; path = Base.lproj/LaunchScreen.storyboard; sourceTree = "<group>"; };
		61E020F329F30BD500C8BB07 /* Info.plist */ = {isa = PBXFileReference; lastKnownFileType = text.plist.xml; path = Info.plist; sourceTree = "<group>"; };
		61E020F929F3241E00C8BB07 /* ComicModel.swift */ = {isa = PBXFileReference; lastKnownFileType = sourcecode.swift; path = ComicModel.swift; sourceTree = "<group>"; };
		61E020FB29F32AB200C8BB07 /* ComicManager.swift */ = {isa = PBXFileReference; lastKnownFileType = sourcecode.swift; path = ComicManager.swift; sourceTree = "<group>"; };
		61E020FD29F3EB0400C8BB07 /* Alert.swift */ = {isa = PBXFileReference; lastKnownFileType = sourcecode.swift; path = Alert.swift; sourceTree = "<group>"; };
		61E0210129F5460800C8BB07 /* ImageFetcher.swift */ = {isa = PBXFileReference; lastKnownFileType = sourcecode.swift; path = ImageFetcher.swift; sourceTree = "<group>"; };
		61E0210429F70C8F00C8BB07 /* DetailsViewController.swift */ = {isa = PBXFileReference; lastKnownFileType = sourcecode.swift; path = DetailsViewController.swift; sourceTree = "<group>"; };
		61E0210629F8656000C8BB07 /* FavoritesManager.swift */ = {isa = PBXFileReference; lastKnownFileType = sourcecode.swift; path = FavoritesManager.swift; sourceTree = "<group>"; };
		61E0210A29F865AA00C8BB07 /* FavoritesViewController.swift */ = {isa = PBXFileReference; lastKnownFileType = sourcecode.swift; path = FavoritesViewController.swift; sourceTree = "<group>"; };
		61EF26FB29FAF71000D6EAD7 /* FavoritesSaved.xcdatamodel */ = {isa = PBXFileReference; lastKnownFileType = wrapper.xcdatamodel; path = FavoritesSaved.xcdatamodel; sourceTree = "<group>"; };
		61EF270129FAF8B100D6EAD7 /* MyFavoriteComics+CoreDataClass.swift */ = {isa = PBXFileReference; lastKnownFileType = sourcecode.swift; name = "MyFavoriteComics+CoreDataClass.swift"; path = "../MyFavoriteComics+CoreDataClass.swift"; sourceTree = "<group>"; };
		61EF270229FAF8B100D6EAD7 /* MyFavoriteComics+CoreDataProperties.swift */ = {isa = PBXFileReference; lastKnownFileType = sourcecode.swift; name = "MyFavoriteComics+CoreDataProperties.swift"; path = "../MyFavoriteComics+CoreDataProperties.swift"; sourceTree = "<group>"; };
		61EF270529FBD39B00D6EAD7 /* FavoritesCell.swift */ = {isa = PBXFileReference; lastKnownFileType = sourcecode.swift; path = FavoritesCell.swift; sourceTree = "<group>"; };
		61EF270629FBD39B00D6EAD7 /* FavoritesCell.xib */ = {isa = PBXFileReference; lastKnownFileType = file.xib; path = FavoritesCell.xib; sourceTree = "<group>"; };
		61EF270929FC0D4C00D6EAD7 /* LicensingViewController.swift */ = {isa = PBXFileReference; lastKnownFileType = sourcecode.swift; path = LicensingViewController.swift; sourceTree = "<group>"; };
/* End PBXFileReference section */

/* Begin PBXFrameworksBuildPhase section */
		61E020DC29F30BD400C8BB07 /* Frameworks */ = {
			isa = PBXFrameworksBuildPhase;
			buildActionMask = 2147483647;
			files = (
			);
			runOnlyForDeploymentPostprocessing = 0;
		};
/* End PBXFrameworksBuildPhase section */

/* Begin PBXGroup section */
		61E020D629F30BD400C8BB07 = {
			isa = PBXGroup;
			children = (
				61E020E129F30BD400C8BB07 /* ShortcutChallenge */,
				61E020E029F30BD400C8BB07 /* Products */,
			);
			sourceTree = "<group>";
		};
		61E020E029F30BD400C8BB07 /* Products */ = {
			isa = PBXGroup;
			children = (
				61E020DF29F30BD400C8BB07 /* ShortcutChallenge.app */,
			);
			name = Products;
			sourceTree = "<group>";
		};
		61E020E129F30BD400C8BB07 /* ShortcutChallenge */ = {
			isa = PBXGroup;
			children = (
				61EF270129FAF8B100D6EAD7 /* MyFavoriteComics+CoreDataClass.swift */,
				61EF270229FAF8B100D6EAD7 /* MyFavoriteComics+CoreDataProperties.swift */,
				61EF26FA29FAF71000D6EAD7 /* MyFavoriteComics.xcdatamodeld */,
				61E0210929F8658700C8BB07 /* ViewControllers */,
				61E0210829F8657800C8BB07 /* Managers */,
				61E0210329F5461600C8BB07 /* Helpers */,
				61E020F929F3241E00C8BB07 /* ComicModel.swift */,
				61E020E829F30BD400C8BB07 /* Main.storyboard */,
				61E020EE29F30BD500C8BB07 /* Assets.xcassets */,
				61E020F029F30BD500C8BB07 /* LaunchScreen.storyboard */,
				61E020F329F30BD500C8BB07 /* Info.plist */,
				61E020E229F30BD400C8BB07 /* AppDelegate.swift */,
				61E020E429F30BD400C8BB07 /* SceneDelegate.swift */,
			);
			path = ShortcutChallenge;
			sourceTree = "<group>";
		};
		61E0210329F5461600C8BB07 /* Helpers */ = {
			isa = PBXGroup;
			children = (
				61E0210129F5460800C8BB07 /* ImageFetcher.swift */,
				61E020FD29F3EB0400C8BB07 /* Alert.swift */,
			);
			path = Helpers;
			sourceTree = "<group>";
		};
		61E0210829F8657800C8BB07 /* Managers */ = {
			isa = PBXGroup;
			children = (
				61E020FB29F32AB200C8BB07 /* ComicManager.swift */,
				61E0210629F8656000C8BB07 /* FavoritesManager.swift */,
			);
			path = Managers;
			sourceTree = "<group>";
		};
		61E0210929F8658700C8BB07 /* ViewControllers */ = {
			isa = PBXGroup;
			children = (
				61E0210429F70C8F00C8BB07 /* DetailsViewController.swift */,
				61E020E629F30BD400C8BB07 /* ComicViewController.swift */,
				61E0210A29F865AA00C8BB07 /* FavoritesViewController.swift */,
				61EF270529FBD39B00D6EAD7 /* FavoritesCell.swift */,
				61EF270629FBD39B00D6EAD7 /* FavoritesCell.xib */,
				61EF270929FC0D4C00D6EAD7 /* LicensingViewController.swift */,
			);
			path = ViewControllers;
			sourceTree = "<group>";
		};
/* End PBXGroup section */

/* Begin PBXNativeTarget section */
		61E020DE29F30BD400C8BB07 /* ShortcutChallenge */ = {
			isa = PBXNativeTarget;
			buildConfigurationList = 61E020F629F30BD500C8BB07 /* Build configuration list for PBXNativeTarget "ShortcutChallenge" */;
			buildPhases = (
				61E020DB29F30BD400C8BB07 /* Sources */,
				61E020DC29F30BD400C8BB07 /* Frameworks */,
				61E020DD29F30BD400C8BB07 /* Resources */,
			);
			buildRules = (
			);
			dependencies = (
			);
			name = ShortcutChallenge;
			productName = ShortcutChallenge;
			productReference = 61E020DF29F30BD400C8BB07 /* ShortcutChallenge.app */;
			productType = "com.apple.product-type.application";
		};
/* End PBXNativeTarget section */

/* Begin PBXProject section */
		61E020D729F30BD400C8BB07 /* Project object */ = {
			isa = PBXProject;
			attributes = {
				BuildIndependentTargetsInParallel = 1;
				LastSwiftUpdateCheck = 1430;
				LastUpgradeCheck = 1430;
				TargetAttributes = {
					61E020DE29F30BD400C8BB07 = {
						CreatedOnToolsVersion = 14.3;
					};
				};
			};
			buildConfigurationList = 61E020DA29F30BD400C8BB07 /* Build configuration list for PBXProject "ShortcutChallenge" */;
			compatibilityVersion = "Xcode 14.0";
			developmentRegion = en;
			hasScannedForEncodings = 0;
			knownRegions = (
				en,
				Base,
			);
			mainGroup = 61E020D629F30BD400C8BB07;
			productRefGroup = 61E020E029F30BD400C8BB07 /* Products */;
			projectDirPath = "";
			projectRoot = "";
			targets = (
				61E020DE29F30BD400C8BB07 /* ShortcutChallenge */,
			);
		};
/* End PBXProject section */

/* Begin PBXResourcesBuildPhase section */
		61E020DD29F30BD400C8BB07 /* Resources */ = {
			isa = PBXResourcesBuildPhase;
			buildActionMask = 2147483647;
			files = (
				61E020F229F30BD500C8BB07 /* LaunchScreen.storyboard in Resources */,
				61EF270829FBD39B00D6EAD7 /* FavoritesCell.xib in Resources */,
				61E020EF29F30BD500C8BB07 /* Assets.xcassets in Resources */,
				61E020EA29F30BD400C8BB07 /* Main.storyboard in Resources */,
			);
			runOnlyForDeploymentPostprocessing = 0;
		};
/* End PBXResourcesBuildPhase section */

/* Begin PBXSourcesBuildPhase section */
		61E020DB29F30BD400C8BB07 /* Sources */ = {
			isa = PBXSourcesBuildPhase;
			buildActionMask = 2147483647;
			files = (
				61E020E729F30BD400C8BB07 /* ComicViewController.swift in Sources */,
				61EF270729FBD39B00D6EAD7 /* FavoritesCell.swift in Sources */,
				61E0210729F8656000C8BB07 /* FavoritesManager.swift in Sources */,
				61E0210229F5460800C8BB07 /* ImageFetcher.swift in Sources */,
				61EF26FC29FAF71000D6EAD7 /* MyFavoriteComics.xcdatamodeld in Sources */,
				61E0210529F70C8F00C8BB07 /* DetailsViewController.swift in Sources */,
				61E020E329F30BD400C8BB07 /* AppDelegate.swift in Sources */,
				61E0210B29F865AA00C8BB07 /* FavoritesViewController.swift in Sources */,
				61EF270429FAF8B100D6EAD7 /* MyFavoriteComics+CoreDataProperties.swift in Sources */,
				61E020FA29F3241E00C8BB07 /* ComicModel.swift in Sources */,
				61EF270A29FC0D4C00D6EAD7 /* LicensingViewController.swift in Sources */,
				61E020E529F30BD400C8BB07 /* SceneDelegate.swift in Sources */,
				61E020FC29F32AB200C8BB07 /* ComicManager.swift in Sources */,
				61E020FE29F3EB0400C8BB07 /* Alert.swift in Sources */,
				61EF270329FAF8B100D6EAD7 /* MyFavoriteComics+CoreDataClass.swift in Sources */,
			);
			runOnlyForDeploymentPostprocessing = 0;
		};
/* End PBXSourcesBuildPhase section */

/* Begin PBXVariantGroup section */
		61E020E829F30BD400C8BB07 /* Main.storyboard */ = {
			isa = PBXVariantGroup;
			children = (
				61E020E929F30BD400C8BB07 /* Base */,
			);
			name = Main.storyboard;
			sourceTree = "<group>";
		};
		61E020F029F30BD500C8BB07 /* LaunchScreen.storyboard */ = {
			isa = PBXVariantGroup;
			children = (
				61E020F129F30BD500C8BB07 /* Base */,
			);
			name = LaunchScreen.storyboard;
			sourceTree = "<group>";
		};
/* End PBXVariantGroup section */

/* Begin XCBuildConfiguration section */
		61E020F429F30BD500C8BB07 /* Debug */ = {
			isa = XCBuildConfiguration;
			buildSettings = {
				ALWAYS_SEARCH_USER_PATHS = NO;
				CLANG_ANALYZER_NONNULL = YES;
				CLANG_ANALYZER_NUMBER_OBJECT_CONVERSION = YES_AGGRESSIVE;
				CLANG_CXX_LANGUAGE_STANDARD = "gnu++20";
				CLANG_ENABLE_MODULES = YES;
				CLANG_ENABLE_OBJC_ARC = YES;
				CLANG_ENABLE_OBJC_WEAK = YES;
				CLANG_WARN_BLOCK_CAPTURE_AUTORELEASING = YES;
				CLANG_WARN_BOOL_CONVERSION = YES;
				CLANG_WARN_COMMA = YES;
				CLANG_WARN_CONSTANT_CONVERSION = YES;
				CLANG_WARN_DEPRECATED_OBJC_IMPLEMENTATIONS = YES;
				CLANG_WARN_DIRECT_OBJC_ISA_USAGE = YES_ERROR;
				CLANG_WARN_DOCUMENTATION_COMMENTS = YES;
				CLANG_WARN_EMPTY_BODY = YES;
				CLANG_WARN_ENUM_CONVERSION = YES;
				CLANG_WARN_INFINITE_RECURSION = YES;
				CLANG_WARN_INT_CONVERSION = YES;
				CLANG_WARN_NON_LITERAL_NULL_CONVERSION = YES;
				CLANG_WARN_OBJC_IMPLICIT_RETAIN_SELF = YES;
				CLANG_WARN_OBJC_LITERAL_CONVERSION = YES;
				CLANG_WARN_OBJC_ROOT_CLASS = YES_ERROR;
				CLANG_WARN_QUOTED_INCLUDE_IN_FRAMEWORK_HEADER = YES;
				CLANG_WARN_RANGE_LOOP_ANALYSIS = YES;
				CLANG_WARN_STRICT_PROTOTYPES = YES;
				CLANG_WARN_SUSPICIOUS_MOVE = YES;
				CLANG_WARN_UNGUARDED_AVAILABILITY = YES_AGGRESSIVE;
				CLANG_WARN_UNREACHABLE_CODE = YES;
				CLANG_WARN__DUPLICATE_METHOD_MATCH = YES;
				COPY_PHASE_STRIP = NO;
				DEBUG_INFORMATION_FORMAT = dwarf;
				ENABLE_STRICT_OBJC_MSGSEND = YES;
				ENABLE_TESTABILITY = YES;
				GCC_C_LANGUAGE_STANDARD = gnu11;
				GCC_DYNAMIC_NO_PIC = NO;
				GCC_NO_COMMON_BLOCKS = YES;
				GCC_OPTIMIZATION_LEVEL = 0;
				GCC_PREPROCESSOR_DEFINITIONS = (
					"DEBUG=1",
					"$(inherited)",
				);
				GCC_WARN_64_TO_32_BIT_CONVERSION = YES;
				GCC_WARN_ABOUT_RETURN_TYPE = YES_ERROR;
				GCC_WARN_UNDECLARED_SELECTOR = YES;
				GCC_WARN_UNINITIALIZED_AUTOS = YES_AGGRESSIVE;
				GCC_WARN_UNUSED_FUNCTION = YES;
				GCC_WARN_UNUSED_VARIABLE = YES;
				IPHONEOS_DEPLOYMENT_TARGET = 16.4;
				MTL_ENABLE_DEBUG_INFO = INCLUDE_SOURCE;
				MTL_FAST_MATH = YES;
				ONLY_ACTIVE_ARCH = YES;
				SDKROOT = iphoneos;
				SWIFT_ACTIVE_COMPILATION_CONDITIONS = DEBUG;
				SWIFT_OPTIMIZATION_LEVEL = "-Onone";
			};
			name = Debug;
		};
		61E020F529F30BD500C8BB07 /* Release */ = {
			isa = XCBuildConfiguration;
			buildSettings = {
				ALWAYS_SEARCH_USER_PATHS = NO;
				CLANG_ANALYZER_NONNULL = YES;
				CLANG_ANALYZER_NUMBER_OBJECT_CONVERSION = YES_AGGRESSIVE;
				CLANG_CXX_LANGUAGE_STANDARD = "gnu++20";
				CLANG_ENABLE_MODULES = YES;
				CLANG_ENABLE_OBJC_ARC = YES;
				CLANG_ENABLE_OBJC_WEAK = YES;
				CLANG_WARN_BLOCK_CAPTURE_AUTORELEASING = YES;
				CLANG_WARN_BOOL_CONVERSION = YES;
				CLANG_WARN_COMMA = YES;
				CLANG_WARN_CONSTANT_CONVERSION = YES;
				CLANG_WARN_DEPRECATED_OBJC_IMPLEMENTATIONS = YES;
				CLANG_WARN_DIRECT_OBJC_ISA_USAGE = YES_ERROR;
				CLANG_WARN_DOCUMENTATION_COMMENTS = YES;
				CLANG_WARN_EMPTY_BODY = YES;
				CLANG_WARN_ENUM_CONVERSION = YES;
				CLANG_WARN_INFINITE_RECURSION = YES;
				CLANG_WARN_INT_CONVERSION = YES;
				CLANG_WARN_NON_LITERAL_NULL_CONVERSION = YES;
				CLANG_WARN_OBJC_IMPLICIT_RETAIN_SELF = YES;
				CLANG_WARN_OBJC_LITERAL_CONVERSION = YES;
				CLANG_WARN_OBJC_ROOT_CLASS = YES_ERROR;
				CLANG_WARN_QUOTED_INCLUDE_IN_FRAMEWORK_HEADER = YES;
				CLANG_WARN_RANGE_LOOP_ANALYSIS = YES;
				CLANG_WARN_STRICT_PROTOTYPES = YES;
				CLANG_WARN_SUSPICIOUS_MOVE = YES;
				CLANG_WARN_UNGUARDED_AVAILABILITY = YES_AGGRESSIVE;
				CLANG_WARN_UNREACHABLE_CODE = YES;
				CLANG_WARN__DUPLICATE_METHOD_MATCH = YES;
				COPY_PHASE_STRIP = NO;
				DEBUG_INFORMATION_FORMAT = "dwarf-with-dsym";
				ENABLE_NS_ASSERTIONS = NO;
				ENABLE_STRICT_OBJC_MSGSEND = YES;
				GCC_C_LANGUAGE_STANDARD = gnu11;
				GCC_NO_COMMON_BLOCKS = YES;
				GCC_WARN_64_TO_32_BIT_CONVERSION = YES;
				GCC_WARN_ABOUT_RETURN_TYPE = YES_ERROR;
				GCC_WARN_UNDECLARED_SELECTOR = YES;
				GCC_WARN_UNINITIALIZED_AUTOS = YES_AGGRESSIVE;
				GCC_WARN_UNUSED_FUNCTION = YES;
				GCC_WARN_UNUSED_VARIABLE = YES;
				IPHONEOS_DEPLOYMENT_TARGET = 16.4;
				MTL_ENABLE_DEBUG_INFO = NO;
				MTL_FAST_MATH = YES;
				SDKROOT = iphoneos;
				SWIFT_COMPILATION_MODE = wholemodule;
				SWIFT_OPTIMIZATION_LEVEL = "-O";
				VALIDATE_PRODUCT = YES;
			};
			name = Release;
		};
		61E020F729F30BD500C8BB07 /* Debug */ = {
			isa = XCBuildConfiguration;
			buildSettings = {
				ASSETCATALOG_COMPILER_APPICON_NAME = AppIcon;
				ASSETCATALOG_COMPILER_GLOBAL_ACCENT_COLOR_NAME = AccentColor;
				CODE_SIGN_STYLE = Automatic;
				CURRENT_PROJECT_VERSION = 1;
				DEVELOPMENT_TEAM = UCXM4QP8Z6;
				GENERATE_INFOPLIST_FILE = YES;
				INFOPLIST_FILE = ShortcutChallenge/Info.plist;
				INFOPLIST_KEY_UIApplicationSupportsIndirectInputEvents = YES;
				INFOPLIST_KEY_UILaunchStoryboardName = LaunchScreen;
				INFOPLIST_KEY_UIMainStoryboardFile = Main;
				INFOPLIST_KEY_UISupportedInterfaceOrientations_iPad = "UIInterfaceOrientationPortrait UIInterfaceOrientationPortraitUpsideDown UIInterfaceOrientationLandscapeLeft UIInterfaceOrientationLandscapeRight";
				INFOPLIST_KEY_UISupportedInterfaceOrientations_iPhone = "UIInterfaceOrientationPortrait UIInterfaceOrientationLandscapeLeft UIInterfaceOrientationLandscapeRight";
				LD_RUNPATH_SEARCH_PATHS = (
					"$(inherited)",
					"@executable_path/Frameworks",
				);
				MARKETING_VERSION = 1.0;
				PRODUCT_BUNDLE_IDENTIFIER = com.kristiania.ShortcutChallenge;
				PRODUCT_NAME = "$(TARGET_NAME)";
				SWIFT_EMIT_LOC_STRINGS = YES;
				SWIFT_VERSION = 5.0;
				TARGETED_DEVICE_FAMILY = "1,2";
			};
			name = Debug;
		};
		61E020F829F30BD500C8BB07 /* Release */ = {
			isa = XCBuildConfiguration;
			buildSettings = {
				ASSETCATALOG_COMPILER_APPICON_NAME = AppIcon;
				ASSETCATALOG_COMPILER_GLOBAL_ACCENT_COLOR_NAME = AccentColor;
				CODE_SIGN_STYLE = Automatic;
				CURRENT_PROJECT_VERSION = 1;
				DEVELOPMENT_TEAM = UCXM4QP8Z6;
				GENERATE_INFOPLIST_FILE = YES;
				INFOPLIST_FILE = ShortcutChallenge/Info.plist;
				INFOPLIST_KEY_UIApplicationSupportsIndirectInputEvents = YES;
				INFOPLIST_KEY_UILaunchStoryboardName = LaunchScreen;
				INFOPLIST_KEY_UIMainStoryboardFile = Main;
				INFOPLIST_KEY_UISupportedInterfaceOrientations_iPad = "UIInterfaceOrientationPortrait UIInterfaceOrientationPortraitUpsideDown UIInterfaceOrientationLandscapeLeft UIInterfaceOrientationLandscapeRight";
				INFOPLIST_KEY_UISupportedInterfaceOrientations_iPhone = "UIInterfaceOrientationPortrait UIInterfaceOrientationLandscapeLeft UIInterfaceOrientationLandscapeRight";
				LD_RUNPATH_SEARCH_PATHS = (
					"$(inherited)",
					"@executable_path/Frameworks",
				);
				MARKETING_VERSION = 1.0;
				PRODUCT_BUNDLE_IDENTIFIER = com.kristiania.ShortcutChallenge;
				PRODUCT_NAME = "$(TARGET_NAME)";
				SWIFT_EMIT_LOC_STRINGS = YES;
				SWIFT_VERSION = 5.0;
				TARGETED_DEVICE_FAMILY = "1,2";
			};
			name = Release;
		};
/* End XCBuildConfiguration section */

/* Begin XCConfigurationList section */
		61E020DA29F30BD400C8BB07 /* Build configuration list for PBXProject "ShortcutChallenge" */ = {
			isa = XCConfigurationList;
			buildConfigurations = (
				61E020F429F30BD500C8BB07 /* Debug */,
				61E020F529F30BD500C8BB07 /* Release */,
			);
			defaultConfigurationIsVisible = 0;
			defaultConfigurationName = Release;
		};
		61E020F629F30BD500C8BB07 /* Build configuration list for PBXNativeTarget "ShortcutChallenge" */ = {
			isa = XCConfigurationList;
			buildConfigurations = (
				61E020F729F30BD500C8BB07 /* Debug */,
				61E020F829F30BD500C8BB07 /* Release */,
			);
			defaultConfigurationIsVisible = 0;
			defaultConfigurationName = Release;
		};
/* End XCConfigurationList section */

/* Begin XCVersionGroup section */
		61EF26FA29FAF71000D6EAD7 /* MyFavoriteComics.xcdatamodeld */ = {
			isa = XCVersionGroup;
			children = (
				61EF26FB29FAF71000D6EAD7 /* FavoritesSaved.xcdatamodel */,
			);
			currentVersion = 61EF26FB29FAF71000D6EAD7 /* FavoritesSaved.xcdatamodel */;
			path = MyFavoriteComics.xcdatamodeld;
			sourceTree = "<group>";
			versionGroupType = wrapper.xcdatamodel;
		};
/* End XCVersionGroup section */
	};
	rootObject = 61E020D729F30BD400C8BB07 /* Project object */;
}
